
Microsoft Visual Studio Solution File, Format Version 12.00
# Visual Studio Version 17
VisualStudioVersion = 17.4.33403.182
MinimumVisualStudioVersion = 10.0.40219.1
Project("{FAE04EC0-301F-11D3-BF4B-00C04F79EFBC}") = "ModAPI", "ModAPI.csproj", "{73584031-8DEA-45E2-A5C1-5964437D0CE6}"
EndProject
Global
	GlobalSection(SolutionConfigurationPlatforms) = preSolution
		Debug|Any CPU = Debug|Any CPU
		Release|Any CPU = Release|Any CPU
	EndGlobalSection
	GlobalSection(ProjectConfigurationPlatforms) = postSolution
		{73584031-8DEA-45E2-A5C1-5964437D0CE6}.Debug|Any CPU.ActiveCfg = Debug|Any CPU
		{73584031-8DEA-45E2-A5C1-5964437D0CE6}.Debug|Any CPU.Build.0 = Debug|Any CPU
		{73584031-8DEA-45E2-A5C1-5964437D0CE6}.Release|Any CPU.ActiveCfg = Release|Any CPU
		{73584031-8DEA-45E2-A5C1-5964437D0CE6}.Release|Any CPU.Build.0 = Release|Any CPU
	EndGlobalSection
	GlobalSection(SolutionProperties) = preSolution
		HideSolutionNode = FALSE
	EndGlobalSection
	GlobalSection(ExtensibilityGlobals) = postSolution
		SolutionGuid = {E1BD88E8-DBCA-4517-8981-E764FBF302FC}
	EndGlobalSection
EndGlobal
